
Microsoft Visual Studio Solution File, Format Version 12.00
# Visual Studio Version 18
VisualStudioVersion = 18.0.11222.15 d18.0
MinimumVisualStudioVersion = 10.0.40219.1
Project("{FAE04EC0-301F-11D3-BF4B-00C04F79EFBC}") = "WebApi", "WebApi\WebApi.csproj", "{76667678-102E-4D16-8253-56C3C86E1F51}"
EndProject
Project("{FAE04EC0-301F-11D3-BF4B-00C04F79EFBC}") = "Business", "Business\Business.csproj", "{EA0B11F3-C30D-4B45-97B1-2F94BDED4746}"
EndProject
Project("{00D1A9C2-B5F0-4AF3-8072-F6C62B433612}") = "Database", "Database\Database.sqlproj", "{0467B8D2-61D5-4284-92B6-C4755F58EA39}"
EndProject
Project("{FAE04EC0-301F-11D3-BF4B-00C04F79EFBC}") = "Data", "Data\Data.csproj", "{F656356A-D61E-441D-AFDD-4C5F765C8355}"
EndProject
Global
	GlobalSection(SolutionConfigurationPlatforms) = preSolution
		Debug|Any CPU = Debug|Any CPU
		Release|Any CPU = Release|Any CPU
	EndGlobalSection
	GlobalSection(ProjectConfigurationPlatforms) = postSolution
		{76667678-102E-4D16-8253-56C3C86E1F51}.Debug|Any CPU.ActiveCfg = Debug|Any CPU
		{76667678-102E-4D16-8253-56C3C86E1F51}.Debug|Any CPU.Build.0 = Debug|Any CPU
		{76667678-102E-4D16-8253-56C3C86E1F51}.Release|Any CPU.ActiveCfg = Release|Any CPU
		{76667678-102E-4D16-8253-56C3C86E1F51}.Release|Any CPU.Build.0 = Release|Any CPU
		{EA0B11F3-C30D-4B45-97B1-2F94BDED4746}.Debug|Any CPU.ActiveCfg = Debug|Any CPU
		{EA0B11F3-C30D-4B45-97B1-2F94BDED4746}.Debug|Any CPU.Build.0 = Debug|Any CPU
		{EA0B11F3-C30D-4B45-97B1-2F94BDED4746}.Release|Any CPU.ActiveCfg = Release|Any CPU
		{EA0B11F3-C30D-4B45-97B1-2F94BDED4746}.Release|Any CPU.Build.0 = Release|Any CPU
		{0467B8D2-61D5-4284-92B6-C4755F58EA39}.Debug|Any CPU.ActiveCfg = Debug|Any CPU
		{0467B8D2-61D5-4284-92B6-C4755F58EA39}.Debug|Any CPU.Build.0 = Debug|Any CPU
		{0467B8D2-61D5-4284-92B6-C4755F58EA39}.Debug|Any CPU.Deploy.0 = Debug|Any CPU
		{0467B8D2-61D5-4284-92B6-C4755F58EA39}.Release|Any CPU.ActiveCfg = Release|Any CPU
		{0467B8D2-61D5-4284-92B6-C4755F58EA39}.Release|Any CPU.Build.0 = Release|Any CPU
		{0467B8D2-61D5-4284-92B6-C4755F58EA39}.Release|Any CPU.Deploy.0 = Release|Any CPU
		{F656356A-D61E-441D-AFDD-4C5F765C8355}.Debug|Any CPU.ActiveCfg = Debug|Any CPU
		{F656356A-D61E-441D-AFDD-4C5F765C8355}.Debug|Any CPU.Build.0 = Debug|Any CPU
		{F656356A-D61E-441D-AFDD-4C5F765C8355}.Release|Any CPU.ActiveCfg = Release|Any CPU
		{F656356A-D61E-441D-AFDD-4C5F765C8355}.Release|Any CPU.Build.0 = Release|Any CPU
	EndGlobalSection
	GlobalSection(SolutionProperties) = preSolution
		HideSolutionNode = FALSE
	EndGlobalSection
	GlobalSection(ExtensibilityGlobals) = postSolution
		SolutionGuid = {FDC6FD3A-1B0D-470C-93CA-EF9FB4D99EFC}
	EndGlobalSection
EndGlobal
